
Microsoft Visual Studio Solution File, Format Version 12.00
# Visual Studio Version 16
VisualStudioVersion = 16.0.29509.3
MinimumVisualStudioVersion = 10.0.40219.1
Project("{FAE04EC0-301F-11D3-BF4B-00C04F79EFBC}") = "Maze", "Maze\Maze.csproj", "{C4823D49-6096-47F1-BD5A-50E860A271AE}"
EndProject
Global
	GlobalSection(SolutionConfigurationPlatforms) = preSolution
		Debug|Any CPU = Debug|Any CPU
		Release|Any CPU = Release|Any CPU
	EndGlobalSection
	GlobalSection(ProjectConfigurationPlatforms) = postSolution
		{C4823D49-6096-47F1-BD5A-50E860A271AE}.Debug|Any CPU.ActiveCfg = Debug|Any CPU
		{C4823D49-6096-47F1-BD5A-50E860A271AE}.Debug|Any CPU.Build.0 = Debug|Any CPU
		{C4823D49-6096-47F1-BD5A-50E860A271AE}.Release|Any CPU.ActiveCfg = Release|Any CPU
		{C4823D49-6096-47F1-BD5A-50E860A271AE}.Release|Any CPU.Build.0 = Release|Any CPU
	EndGlobalSection
	GlobalSection(SolutionProperties) = preSolution
		HideSolutionNode = FALSE
	EndGlobalSection
	GlobalSection(ExtensibilityGlobals) = postSolution
		SolutionGuid = {D5E25146-E13E-41D3-AA25-B29D1BCFD2C9}
	EndGlobalSection
EndGlobal
